
Microsoft Visual Studio Solution File, Format Version 12.00
# Visual Studio 15
VisualStudioVersion = 15.0.26403.7
MinimumVisualStudioVersion = 10.0.40219.1
Project("{FAE04EC0-301F-11D3-BF4B-00C04F79EFBC}") = "EasyORM", "EasyORM\EasyORM.csproj", "{18CDD354-48DB-4D2E-886B-1ABEB02FB717}"
EndProject
Project("{FAE04EC0-301F-11D3-BF4B-00C04F79EFBC}") = "EasyORM.UnitTests", "EasyORM.UnitTests\EasyORM.UnitTests.csproj", "{178F525E-E0EC-458B-8AC2-D32B0E86E11C}"
EndProject
Project("{FAE04EC0-301F-11D3-BF4B-00C04F79EFBC}") = "EasyORM.Samples", "EasyORM.Samples\EasyORM.Samples.csproj", "{FDEC77A1-F5CA-4B8B-A769-1554102B3462}"
EndProject
Project("{2150E333-8FDC-42A3-9474-1A3956D46DE8}") = "Samples", "Samples", "{8764F9BC-8F74-4857-9254-0D75914BD84C}"
EndProject
Project("{2150E333-8FDC-42A3-9474-1A3956D46DE8}") = "Console", "Console", "{A40FE6CC-F021-4EFB-91CF-A46B416AC69B}"
EndProject
Project("{2150E333-8FDC-42A3-9474-1A3956D46DE8}") = "UnitTests", "UnitTests", "{7BBCCA92-AE0A-4A8D-B6F3-63A919077A75}"
EndProject
Project("{2150E333-8FDC-42A3-9474-1A3956D46DE8}") = "Web", "Web", "{00CE0B1B-A8BA-46F1-8C53-300F9D7958C4}"
EndProject
Project("{FAE04EC0-301F-11D3-BF4B-00C04F79EFBC}") = "EasyORM.Samples.Web", "EasyORM.Samples.Web\EasyORM.Samples.Web.csproj", "{D2FA69CC-163A-4901-900A-3173BC2DE34F}"
EndProject
Global
	GlobalSection(SolutionConfigurationPlatforms) = preSolution
		Debug|Any CPU = Debug|Any CPU
		Release|Any CPU = Release|Any CPU
	EndGlobalSection
	GlobalSection(ProjectConfigurationPlatforms) = postSolution
		{18CDD354-48DB-4D2E-886B-1ABEB02FB717}.Debug|Any CPU.ActiveCfg = Debug|Any CPU
		{18CDD354-48DB-4D2E-886B-1ABEB02FB717}.Debug|Any CPU.Build.0 = Debug|Any CPU
		{18CDD354-48DB-4D2E-886B-1ABEB02FB717}.Release|Any CPU.ActiveCfg = Release|Any CPU
		{18CDD354-48DB-4D2E-886B-1ABEB02FB717}.Release|Any CPU.Build.0 = Release|Any CPU
		{178F525E-E0EC-458B-8AC2-D32B0E86E11C}.Debug|Any CPU.ActiveCfg = Debug|Any CPU
		{178F525E-E0EC-458B-8AC2-D32B0E86E11C}.Debug|Any CPU.Build.0 = Debug|Any CPU
		{178F525E-E0EC-458B-8AC2-D32B0E86E11C}.Release|Any CPU.ActiveCfg = Release|Any CPU
		{178F525E-E0EC-458B-8AC2-D32B0E86E11C}.Release|Any CPU.Build.0 = Release|Any CPU
		{FDEC77A1-F5CA-4B8B-A769-1554102B3462}.Debug|Any CPU.ActiveCfg = Debug|Any CPU
		{FDEC77A1-F5CA-4B8B-A769-1554102B3462}.Debug|Any CPU.Build.0 = Debug|Any CPU
		{FDEC77A1-F5CA-4B8B-A769-1554102B3462}.Release|Any CPU.ActiveCfg = Release|Any CPU
		{FDEC77A1-F5CA-4B8B-A769-1554102B3462}.Release|Any CPU.Build.0 = Release|Any CPU
		{D2FA69CC-163A-4901-900A-3173BC2DE34F}.Debug|Any CPU.ActiveCfg = Debug|Any CPU
		{D2FA69CC-163A-4901-900A-3173BC2DE34F}.Debug|Any CPU.Build.0 = Debug|Any CPU
		{D2FA69CC-163A-4901-900A-3173BC2DE34F}.Release|Any CPU.ActiveCfg = Release|Any CPU
		{D2FA69CC-163A-4901-900A-3173BC2DE34F}.Release|Any CPU.Build.0 = Release|Any CPU
	EndGlobalSection
	GlobalSection(SolutionProperties) = preSolution
		HideSolutionNode = FALSE
	EndGlobalSection
	GlobalSection(NestedProjects) = preSolution
		{178F525E-E0EC-458B-8AC2-D32B0E86E11C} = {7BBCCA92-AE0A-4A8D-B6F3-63A919077A75}
		{FDEC77A1-F5CA-4B8B-A769-1554102B3462} = {A40FE6CC-F021-4EFB-91CF-A46B416AC69B}
		{A40FE6CC-F021-4EFB-91CF-A46B416AC69B} = {8764F9BC-8F74-4857-9254-0D75914BD84C}
		{00CE0B1B-A8BA-46F1-8C53-300F9D7958C4} = {8764F9BC-8F74-4857-9254-0D75914BD84C}
		{D2FA69CC-163A-4901-900A-3173BC2DE34F} = {00CE0B1B-A8BA-46F1-8C53-300F9D7958C4}
	EndGlobalSection
EndGlobal
